
Microsoft Visual Studio Solution File, Format Version 12.00
# Visual Studio Version 17
VisualStudioVersion = 17.8.34408.163
MinimumVisualStudioVersion = 10.0.40219.1
Project("{9A19103F-16F7-4668-BE54-9A1E7A4F7556}") = "Practice 7", "Task_6\Practice 7.csproj", "{240CA56B-54C1-4263-90BC-F1F5A704B46B}"
EndProject
Global
	GlobalSection(SolutionConfigurationPlatforms) = preSolution
		Debug|Any CPU = Debug|Any CPU
		Release|Any CPU = Release|Any CPU
	EndGlobalSection
	GlobalSection(ProjectConfigurationPlatforms) = postSolution
		{240CA56B-54C1-4263-90BC-F1F5A704B46B}.Debug|Any CPU.ActiveCfg = Debug|Any CPU
		{240CA56B-54C1-4263-90BC-F1F5A704B46B}.Debug|Any CPU.Build.0 = Debug|Any CPU
		{240CA56B-54C1-4263-90BC-F1F5A704B46B}.Release|Any CPU.ActiveCfg = Release|Any CPU
		{240CA56B-54C1-4263-90BC-F1F5A704B46B}.Release|Any CPU.Build.0 = Release|Any CPU
	EndGlobalSection
	GlobalSection(SolutionProperties) = preSolution
		HideSolutionNode = FALSE
	EndGlobalSection
	GlobalSection(ExtensibilityGlobals) = postSolution
		SolutionGuid = {752C5464-C58B-4A3A-8DD7-2441AFC490B6}
	EndGlobalSection
EndGlobal
