
Microsoft Visual Studio Solution File, Format Version 12.00
# Visual Studio Version 17
VisualStudioVersion = 17.13.35931.197 d17.13
MinimumVisualStudioVersion = 10.0.40219.1
Project("{FAE04EC0-301F-11D3-BF4B-00C04F79EFBC}") = "Practice8", "Practice8\Practice8.csproj", "{2A6C7A5E-2072-4DE9-8FC6-B6CB8EC0E225}"
EndProject
Global
	GlobalSection(SolutionConfigurationPlatforms) = preSolution
		Debug|Any CPU = Debug|Any CPU
		Release|Any CPU = Release|Any CPU
	EndGlobalSection
	GlobalSection(ProjectConfigurationPlatforms) = postSolution
		{2A6C7A5E-2072-4DE9-8FC6-B6CB8EC0E225}.Debug|Any CPU.ActiveCfg = Debug|Any CPU
		{2A6C7A5E-2072-4DE9-8FC6-B6CB8EC0E225}.Debug|Any CPU.Build.0 = Debug|Any CPU
		{2A6C7A5E-2072-4DE9-8FC6-B6CB8EC0E225}.Release|Any CPU.ActiveCfg = Release|Any CPU
		{2A6C7A5E-2072-4DE9-8FC6-B6CB8EC0E225}.Release|Any CPU.Build.0 = Release|Any CPU
	EndGlobalSection
	GlobalSection(SolutionProperties) = preSolution
		HideSolutionNode = FALSE
	EndGlobalSection
	GlobalSection(ExtensibilityGlobals) = postSolution
		SolutionGuid = {F828DBE8-C5BC-4E9E-BA5C-F07C1CFA8859}
	EndGlobalSection
EndGlobal
